<?xml version="1.0" encoding="utf-8"?>
<Project ToolsVersion="4.0" xmlns="http://schemas.microsoft.com/developer/msbuild/2003">
  <ItemGroup>
    <Filter Include="Исходные файлы">
      <UniqueIdentifier>{4FC737F1-C7A5-4376-A066-2A32D752A2FF}</UniqueIdentifier>
      <Extensions>cpp;c;cc;cxx;def;odl;idl;hpj;bat;asm;asmx</Extensions>
    </Filter>
    <Filter Include="Файлы заголовков">
      <UniqueIdentifier>{93995380-89BD-4b04-88EB-625FBE52EBFB}</UniqueIdentifier>
      <Extensions>h;hh;hpp;hxx;hm;inl;inc;ipp;xsd</Extensions>
    </Filter>
    <Filter Include="Файлы ресурсов">
      <UniqueIdentifier>{67DA6AB6-F800-4c08-8B7A-83BB121AAD01}</UniqueIdentifier>
      <Extensions>rc;ico;cur;bmp;dlg;rc2;rct;bin;rgs;gif;jpg;jpeg;jpe;resx;tiff;tif;png;wav;mfcribbon-ms</Extensions>
    </Filter>
    <Filter Include="Файлы заголовков\Net">
      <UniqueIdentifier>{25d7f242-219e-4931-afff-51564a68c22c}</UniqueIdentifier>
    </Filter>
    <Filter Include="Исходные файлы\Net">
      <UniqueIdentifier>{4ba3a3c2-9a05-40ae-81cd-5d1ccbbd780e}</UniqueIdentifier>
    </Filter>
  </ItemGroup>
  <ItemGroup>
    <None Include="packages.config" />
  </ItemGroup>
  <ItemGroup>
    <ClCompile Include="Main.cpp">
      <Filter>Исходные файлы</Filter>
    </ClCompile>
    <ClCompile Include="BoostRoom.cpp">
      <Filter>Исходные файлы\Net</Filter>
    </ClCompile>
    <ClCompile Include="BoostServer.cpp">
      <Filter>Исходные файлы\Net</Filter>
    </ClCompile>
    <ClCompile Include="BoostSession.cpp">
      <Filter>Исходные файлы\Net</Filter>
    </ClCompile>
    <ClCompile Include="Game.cpp">
      <Filter>Исходные файлы</Filter>
    </ClCompile>
    <ClCompile Include="Server.cpp">
      <Filter>Исходные файлы</Filter>
    </ClCompile>
    <ClCompile Include="Lobby.cpp">
      <Filter>Исходные файлы</Filter>
    </ClCompile>
  </ItemGroup>
  <ItemGroup>
    <ClInclude Include="Game.h">
      <Filter>Файлы заголовков</Filter>
    </ClInclude>
    <ClInclude Include="BoostRoom.h">
      <Filter>Файлы заголовков\Net</Filter>
    </ClInclude>
    <ClInclude Include="BoostServer.h">
      <Filter>Файлы заголовков\Net</Filter>
    </ClInclude>
    <ClInclude Include="BoostSession.h">
      <Filter>Файлы заголовков\Net</Filter>
    </ClInclude>
    <ClInclude Include="participant.h">
      <Filter>Файлы заголовков\Net</Filter>
    </ClInclude>
    <ClInclude Include="Server.h">
      <Filter>Файлы заголовков</Filter>
    </ClInclude>
    <ClInclude Include="Lobby.h">
      <Filter>Файлы заголовков</Filter>
    </ClInclude>
  </ItemGroup>
</Project>